
Microsoft Visual Studio Solution File, Format Version 12.00
# Visual Studio 15
VisualStudioVersion = 15.0.26730.16
MinimumVisualStudioVersion = 10.0.40219.1
Project("{8BC9CEB8-8B4A-11D0-8D11-00A0C91BC942}") = "FreeTypeChat", "FreeTypeChat\FreeTypeChat.vcxproj", "{31748208-2E5C-43C7-B70D-158F064C2230}"
EndProject
Global
	GlobalSection(SolutionConfigurationPlatforms) = preSolution
		Debug|ARM = Debug|ARM
		Debug|x64 = Debug|x64
		Debug|x86 = Debug|x86
		Release|ARM = Release|ARM
		Release|x64 = Release|x64
		Release|x86 = Release|x86
	EndGlobalSection
	GlobalSection(ProjectConfigurationPlatforms) = postSolution
		{31748208-2E5C-43C7-B70D-158F064C2230}.Debug|ARM.ActiveCfg = Debug|ARM
		{31748208-2E5C-43C7-B70D-158F064C2230}.Debug|ARM.Build.0 = Debug|ARM
		{31748208-2E5C-43C7-B70D-158F064C2230}.Debug|ARM.Deploy.0 = Debug|ARM
		{31748208-2E5C-43C7-B70D-158F064C2230}.Debug|x64.ActiveCfg = Debug|x64
		{31748208-2E5C-43C7-B70D-158F064C2230}.Debug|x64.Build.0 = Debug|x64
		{31748208-2E5C-43C7-B70D-158F064C2230}.Debug|x64.Deploy.0 = Debug|x64
		{31748208-2E5C-43C7-B70D-158F064C2230}.Debug|x86.ActiveCfg = Debug|Win32
		{31748208-2E5C-43C7-B70D-158F064C2230}.Debug|x86.Build.0 = Debug|Win32
		{31748208-2E5C-43C7-B70D-158F064C2230}.Debug|x86.Deploy.0 = Debug|Win32
		{31748208-2E5C-43C7-B70D-158F064C2230}.Release|ARM.ActiveCfg = Release|ARM
		{31748208-2E5C-43C7-B70D-158F064C2230}.Release|ARM.Build.0 = Release|ARM
		{31748208-2E5C-43C7-B70D-158F064C2230}.Release|ARM.Deploy.0 = Release|ARM
		{31748208-2E5C-43C7-B70D-158F064C2230}.Release|x64.ActiveCfg = Release|x64
		{31748208-2E5C-43C7-B70D-158F064C2230}.Release|x64.Build.0 = Release|x64
		{31748208-2E5C-43C7-B70D-158F064C2230}.Release|x64.Deploy.0 = Release|x64
		{31748208-2E5C-43C7-B70D-158F064C2230}.Release|x86.ActiveCfg = Release|Win32
		{31748208-2E5C-43C7-B70D-158F064C2230}.Release|x86.Build.0 = Release|Win32
		{31748208-2E5C-43C7-B70D-158F064C2230}.Release|x86.Deploy.0 = Release|Win32
	EndGlobalSection
	GlobalSection(SolutionProperties) = preSolution
		HideSolutionNode = FALSE
	EndGlobalSection
	GlobalSection(ExtensibilityGlobals) = postSolution
		SolutionGuid = {5E24A447-A2D1-43FE-9A09-C14B3A0E14FE}
	EndGlobalSection
EndGlobal
